
Microsoft Visual Studio Solution File, Format Version 12.00
# Visual Studio Version 17
VisualStudioVersion = 17.11.35312.102
MinimumVisualStudioVersion = 10.0.40219.1
Project("{FAE04EC0-301F-11D3-BF4B-00C04F79EFBC}") = "HackHelp", "HackHelp\HackHelp.csproj", "{2E318FFF-1ED7-4E07-B427-6C022E74D7EB}"
EndProject
Global
	GlobalSection(SolutionConfigurationPlatforms) = preSolution
		Debug|Any CPU = Debug|Any CPU
		Release|Any CPU = Release|Any CPU
	EndGlobalSection
	GlobalSection(ProjectConfigurationPlatforms) = postSolution
		{2E318FFF-1ED7-4E07-B427-6C022E74D7EB}.Debug|Any CPU.ActiveCfg = Debug|Any CPU
		{2E318FFF-1ED7-4E07-B427-6C022E74D7EB}.Debug|Any CPU.Build.0 = Debug|Any CPU
		{2E318FFF-1ED7-4E07-B427-6C022E74D7EB}.Release|Any CPU.ActiveCfg = Release|Any CPU
		{2E318FFF-1ED7-4E07-B427-6C022E74D7EB}.Release|Any CPU.Build.0 = Release|Any CPU
	EndGlobalSection
	GlobalSection(SolutionProperties) = preSolution
		HideSolutionNode = FALSE
	EndGlobalSection
	GlobalSection(ExtensibilityGlobals) = postSolution
		SolutionGuid = {E17DD780-5E17-4D36-9CEB-3548452C440C}
	EndGlobalSection
EndGlobal
